<Solution>
  <Folder Name="/docs/" />
  <Folder Name="/examples/">
    <Project Path="examples/QuickStart/QuickStart.csproj" />
    <Project Path="examples/WebApiSample/WebApiSample.csproj" />
  </Folder>
  <Folder Name="/src/">
    <Project Path="src/MarketData.IntegrationTests/MarketData.IntegrationTests.csproj" />
    <Project Path="src/MarketData.Tests/MarketData.Tests.csproj" />
    <Project Path="src/MarketData/MarketData.csproj" />
  </Folder>
</Solution>
